
Microsoft Visual Studio Solution File, Format Version 12.00
# Visual Studio 2013
VisualStudioVersion = 12.0.30110.0
MinimumVisualStudioVersion = 10.0.40219.1
Project("{2150E333-8FDC-42A3-9474-1A3956D46DE8}") = "Documents", "Documents", "{FAE7E35C-6C50-4F5B-AE7E-864499915DC5}"
	ProjectSection(SolutionItems) = preProject
		Documents\ComicBookNormalize.bmml = Documents\ComicBookNormalize.bmml
		Documents\ComicBookNormalize.png = Documents\ComicBookNormalize.png
	EndProjectSection
EndProject
Project("{FAE04EC0-301F-11D3-BF4B-00C04F79EFBC}") = "UI", "UI\UI.csproj", "{98703516-BCB2-4412-8E6A-34CF0FADAD64}"
EndProject
Global
	GlobalSection(SolutionConfigurationPlatforms) = preSolution
		Debug|Any CPU = Debug|Any CPU
		Release|Any CPU = Release|Any CPU
	EndGlobalSection
	GlobalSection(ProjectConfigurationPlatforms) = postSolution
		{98703516-BCB2-4412-8E6A-34CF0FADAD64}.Debug|Any CPU.ActiveCfg = Debug|Any CPU
		{98703516-BCB2-4412-8E6A-34CF0FADAD64}.Debug|Any CPU.Build.0 = Debug|Any CPU
		{98703516-BCB2-4412-8E6A-34CF0FADAD64}.Release|Any CPU.ActiveCfg = Release|Any CPU
		{98703516-BCB2-4412-8E6A-34CF0FADAD64}.Release|Any CPU.Build.0 = Release|Any CPU
	EndGlobalSection
	GlobalSection(SolutionProperties) = preSolution
		HideSolutionNode = FALSE
	EndGlobalSection
EndGlobal
